
Microsoft Visual Studio Solution File, Format Version 12.00
# Visual Studio Version 17
VisualStudioVersion = 17.3.32825.248
MinimumVisualStudioVersion = 10.0.40219.1
Project("{FAE04EC0-301F-11D3-BF4B-00C04F79EFBC}") = "Helpers", "Helpers\Helpers.csproj", "{03E4CEFD-1727-4021-8491-B6792F866967}"
EndProject
Project("{FAE04EC0-301F-11D3-BF4B-00C04F79EFBC}") = "Helpers.Tests", "Helpers.Tests\Helpers.Tests.csproj", "{F1D32602-6E36-4811-B07C-ADC69D467DC5}"
EndProject
Global
	GlobalSection(SolutionConfigurationPlatforms) = preSolution
		Debug|Any CPU = Debug|Any CPU
		Release|Any CPU = Release|Any CPU
	EndGlobalSection
	GlobalSection(ProjectConfigurationPlatforms) = postSolution
		{03E4CEFD-1727-4021-8491-B6792F866967}.Debug|Any CPU.ActiveCfg = Debug|Any CPU
		{03E4CEFD-1727-4021-8491-B6792F866967}.Debug|Any CPU.Build.0 = Debug|Any CPU
		{03E4CEFD-1727-4021-8491-B6792F866967}.Release|Any CPU.ActiveCfg = Release|Any CPU
		{03E4CEFD-1727-4021-8491-B6792F866967}.Release|Any CPU.Build.0 = Release|Any CPU
		{F1D32602-6E36-4811-B07C-ADC69D467DC5}.Debug|Any CPU.ActiveCfg = Debug|Any CPU
		{F1D32602-6E36-4811-B07C-ADC69D467DC5}.Debug|Any CPU.Build.0 = Debug|Any CPU
		{F1D32602-6E36-4811-B07C-ADC69D467DC5}.Release|Any CPU.ActiveCfg = Release|Any CPU
		{F1D32602-6E36-4811-B07C-ADC69D467DC5}.Release|Any CPU.Build.0 = Release|Any CPU
	EndGlobalSection
	GlobalSection(SolutionProperties) = preSolution
		HideSolutionNode = FALSE
	EndGlobalSection
	GlobalSection(ExtensibilityGlobals) = postSolution
		SolutionGuid = {2860DEBA-2027-48DA-88C5-A6B225409989}
	EndGlobalSection
EndGlobal
