
Microsoft Visual Studio Solution File, Format Version 12.00
# Visual Studio Version 17
VisualStudioVersion = 17.3.32825.248
MinimumVisualStudioVersion = 10.0.40219.1
Project("{FAE04EC0-301F-11D3-BF4B-00C04F79EFBC}") = "TestAttributes.Tests", "TestAttributes.Tests\TestAttributes.Tests.csproj", "{986810DF-A811-4493-A402-81B3F8F673CC}"
EndProject
Project("{FAE04EC0-301F-11D3-BF4B-00C04F79EFBC}") = "TestAttributes2.Tests", "TestAttributes2.Tests\TestAttributes2.Tests.csproj", "{BC600E10-493B-43BC-A29F-6F8AF4C3E376}"
EndProject
Global
	GlobalSection(SolutionConfigurationPlatforms) = preSolution
		Debug|Any CPU = Debug|Any CPU
		Release|Any CPU = Release|Any CPU
	EndGlobalSection
	GlobalSection(ProjectConfigurationPlatforms) = postSolution
		{986810DF-A811-4493-A402-81B3F8F673CC}.Debug|Any CPU.ActiveCfg = Debug|Any CPU
		{986810DF-A811-4493-A402-81B3F8F673CC}.Debug|Any CPU.Build.0 = Debug|Any CPU
		{986810DF-A811-4493-A402-81B3F8F673CC}.Release|Any CPU.ActiveCfg = Release|Any CPU
		{986810DF-A811-4493-A402-81B3F8F673CC}.Release|Any CPU.Build.0 = Release|Any CPU
		{BC600E10-493B-43BC-A29F-6F8AF4C3E376}.Debug|Any CPU.ActiveCfg = Debug|Any CPU
		{BC600E10-493B-43BC-A29F-6F8AF4C3E376}.Debug|Any CPU.Build.0 = Debug|Any CPU
		{BC600E10-493B-43BC-A29F-6F8AF4C3E376}.Release|Any CPU.ActiveCfg = Release|Any CPU
		{BC600E10-493B-43BC-A29F-6F8AF4C3E376}.Release|Any CPU.Build.0 = Release|Any CPU
	EndGlobalSection
	GlobalSection(SolutionProperties) = preSolution
		HideSolutionNode = FALSE
	EndGlobalSection
	GlobalSection(ExtensibilityGlobals) = postSolution
		SolutionGuid = {8B5C969E-8AB9-4FCD-9939-B5BCB9CA2453}
	EndGlobalSection
EndGlobal
